<?xml version="1.0" encoding="utf-8"?>
<Project ToolsVersion="4.0" xmlns="http://schemas.microsoft.com/developer/msbuild/2003">
  <ItemGroup>
    <Filter Include="Source Files">
      <UniqueIdentifier>{4FC737F1-C7A5-4376-A066-2A32D752A2FF}</UniqueIdentifier>
      <Extensions>cpp;c;cc;cxx;def;odl;idl;hpj;bat;asm;asmx</Extensions>
    </Filter>
    <Filter Include="Header Files">
      <UniqueIdentifier>{93995380-89BD-4b04-88EB-625FBE52EBFB}</UniqueIdentifier>
      <Extensions>h;hh;hpp;hxx;hm;inl;inc;xsd</Extensions>
    </Filter>
    <Filter Include="Resource Files">
      <UniqueIdentifier>{67DA6AB6-F800-4c08-8B7A-83BB121AAD01}</UniqueIdentifier>
      <Extensions>rc;ico;cur;bmp;dlg;rc2;rct;bin;rgs;gif;jpg;jpeg;jpe;resx;tiff;tif;png;wav</Extensions>
    </Filter>
  </ItemGroup>
  <ItemGroup>
    <ClCompile Include="digitcomp.cpp">
      <Filter>Source Files</Filter>
    </ClCompile>
    <ClCompile Include="p1001_ab.cpp">
      <Filter>Source Files</Filter>
    </ClCompile>
    <ClCompile Include="p1002sub1_gridroute.cpp">
      <Filter>Source Files</Filter>
    </ClCompile>
    <ClCompile Include="p1002_chnchess.cpp">
      <Filter>Source Files</Filter>
    </ClCompile>
    <ClCompile Include="p1012_bignum.cpp">
      <Filter>Source Files</Filter>
    </ClCompile>
    <ClCompile Include="p1017_minusbase.cpp">
      <Filter>Source Files</Filter>
    </ClCompile>
    <ClCompile Include="p1031_poker.cpp">
      <Filter>Source Files</Filter>
    </ClCompile>
    <ClCompile Include="p1036_pickprime.cpp">
      <Filter>Source Files</Filter>
    </ClCompile>
    <ClCompile Include="p1042_pingpong.cpp">
      <Filter>Source Files</Filter>
    </ClCompile>
    <ClCompile Include="p1051_scholarship.cpp">
      <Filter>Source Files</Filter>
    </ClCompile>
    <ClCompile Include="p1067_polyoutput.cpp">
      <Filter>Source Files</Filter>
    </ClCompile>
    <ClCompile Include="p1071_lurker.cpp">
      <Filter>Source Files</Filter>
    </ClCompile>
    <ClCompile Include="p1086_peanuts.cpp">
      <Filter>Source Files</Filter>
    </ClCompile>
    <ClCompile Include="p1088_martian.cpp">
      <Filter>Source Files</Filter>
    </ClCompile>
    <ClCompile Include="p1090_mixfruits.cpp">
      <Filter>Source Files</Filter>
    </ClCompile>
    <ClCompile Include="p1098_strexpand.cpp">
      <Filter>Source Files</Filter>
    </ClCompile>
    <ClCompile Include="p1177_qsort.cpp">
      <Filter>Source Files</Filter>
    </ClCompile>
    <ClCompile Include="p1181_maxsplit.cpp">
      <Filter>Source Files</Filter>
    </ClCompile>
    <ClCompile Include="p1208_mixmilk.cpp">
      <Filter>Source Files</Filter>
    </ClCompile>
    <ClCompile Include="p1217_palinprime.cpp">
      <Filter>Source Files</Filter>
    </ClCompile>
    <ClCompile Include="p1219_queen.cpp">
      <Filter>Source Files</Filter>
    </ClCompile>
    <ClCompile Include="p1328_bboras.cpp">
      <Filter>Source Files</Filter>
    </ClCompile>
    <ClCompile Include="p1426_fish.cpp">
      <Filter>Source Files</Filter>
    </ClCompile>
    <ClCompile Include="p1464_func.cpp">
      <Filter>Source Files</Filter>
    </ClCompile>
    <ClCompile Include="p1540_machinetrans.cpp">
      <Filter>Source Files</Filter>
    </ClCompile>
    <ClCompile Include="p1563_haniwa.cpp">
      <Filter>Source Files</Filter>
    </ClCompile>
    <ClCompile Include="p1579_goldbach.cpp">
      <Filter>Source Files</Filter>
    </ClCompile>
    <ClCompile Include="p1583_magicpic.cpp">
      <Filter>Source Files</Filter>
    </ClCompile>
    <ClCompile Include="p1601_bignumab.cpp">
      <Filter>Source Files</Filter>
    </ClCompile>
    <ClCompile Include="p1603_snowden.cpp">
      <Filter>Source Files</Filter>
    </ClCompile>
    <ClCompile Include="p1605_maze.cpp">
      <Filter>Source Files</Filter>
    </ClCompile>
    <ClCompile Include="p1618_3combo.cpp">
      <Filter>Source Files</Filter>
    </ClCompile>
    <ClCompile Include="p5015_title.cpp">
      <Filter>Source Files</Filter>
    </ClCompile>
    <ClCompile Include="p5016_dragontiger.cpp">
      <Filter>Source Files</Filter>
    </ClCompile>
    <ClCompile Include="prime_generator.cpp">
      <Filter>Source Files</Filter>
    </ClCompile>
    <ClCompile Include="revp1031_poker.cpp">
      <Filter>Source Files</Filter>
    </ClCompile>
    <ClCompile Include="t0001.cpp">
      <Filter>Source Files</Filter>
    </ClCompile>
    <ClCompile Include="try.cpp">
      <Filter>Source Files</Filter>
    </ClCompile>
  </ItemGroup>
</Project>